
Microsoft Visual Studio Solution File, Format Version 12.00
# Visual Studio Version 17
VisualStudioVersion = 17.5.2.0
MinimumVisualStudioVersion = 10.0.40219.1
Project("{2150E333-8FDC-42A3-9474-1A3956D46DE8}") = "src", "src", "{827E0CD3-B72D-47B6-A68D-7590B98EB39B}"
EndProject
Project("{FAE04EC0-301F-11D3-BF4B-00C04F79EFBC}") = "TelegramVerificationBot", "src\TelegramVerificationBot\TelegramVerificationBot.csproj", "{BB3227F5-C250-49B6-9FF3-556C0D5FD2FD}"
EndProject
Project("{2150E333-8FDC-42A3-9474-1A3956D46DE8}") = "tests", "tests", "{0AB3BF05-4346-4AA6-1389-037BE0695223}"
EndProject
Project("{FAE04EC0-301F-11D3-BF4B-00C04F79EFBC}") = "TelegramVerificationBot.Tests", "tests\TelegramVerificationBot.Tests\TelegramVerificationBot.Tests.csproj", "{B487EC8F-4741-40E9-88F9-1E50E7CEF309}"
EndProject
Global
	GlobalSection(SolutionConfigurationPlatforms) = preSolution
		Debug|Any CPU = Debug|Any CPU
		Debug|x64 = Debug|x64
		Debug|x86 = Debug|x86
		Release|Any CPU = Release|Any CPU
		Release|x64 = Release|x64
		Release|x86 = Release|x86
	EndGlobalSection
	GlobalSection(ProjectConfigurationPlatforms) = postSolution
		{BB3227F5-C250-49B6-9FF3-556C0D5FD2FD}.Debug|Any CPU.ActiveCfg = Debug|Any CPU
		{BB3227F5-C250-49B6-9FF3-556C0D5FD2FD}.Debug|Any CPU.Build.0 = Debug|Any CPU
		{BB3227F5-C250-49B6-9FF3-556C0D5FD2FD}.Debug|x64.ActiveCfg = Debug|Any CPU
		{BB3227F5-C250-49B6-9FF3-556C0D5FD2FD}.Debug|x64.Build.0 = Debug|Any CPU
		{BB3227F5-C250-49B6-9FF3-556C0D5FD2FD}.Debug|x86.ActiveCfg = Debug|Any CPU
		{BB3227F5-C250-49B6-9FF3-556C0D5FD2FD}.Debug|x86.Build.0 = Debug|Any CPU
		{BB3227F5-C250-49B6-9FF3-556C0D5FD2FD}.Release|Any CPU.ActiveCfg = Release|Any CPU
		{BB3227F5-C250-49B6-9FF3-556C0D5FD2FD}.Release|Any CPU.Build.0 = Release|Any CPU
		{BB3227F5-C250-49B6-9FF3-556C0D5FD2FD}.Release|x64.ActiveCfg = Release|Any CPU
		{BB3227F5-C250-49B6-9FF3-556C0D5FD2FD}.Release|x64.Build.0 = Release|Any CPU
		{BB3227F5-C250-49B6-9FF3-556C0D5FD2FD}.Release|x86.ActiveCfg = Release|Any CPU
		{BB3227F5-C250-49B6-9FF3-556C0D5FD2FD}.Release|x86.Build.0 = Release|Any CPU
		{B487EC8F-4741-40E9-88F9-1E50E7CEF309}.Debug|Any CPU.ActiveCfg = Debug|Any CPU
		{B487EC8F-4741-40E9-88F9-1E50E7CEF309}.Debug|Any CPU.Build.0 = Debug|Any CPU
		{B487EC8F-4741-40E9-88F9-1E50E7CEF309}.Debug|x64.ActiveCfg = Debug|Any CPU
		{B487EC8F-4741-40E9-88F9-1E50E7CEF309}.Debug|x64.Build.0 = Debug|Any CPU
		{B487EC8F-4741-40E9-88F9-1E50E7CEF309}.Debug|x86.ActiveCfg = Debug|Any CPU
		{B487EC8F-4741-40E9-88F9-1E50E7CEF309}.Debug|x86.Build.0 = Debug|Any CPU
		{B487EC8F-4741-40E9-88F9-1E50E7CEF309}.Release|Any CPU.ActiveCfg = Release|Any CPU
		{B487EC8F-4741-40E9-88F9-1E50E7CEF309}.Release|Any CPU.Build.0 = Release|Any CPU
		{B487EC8F-4741-40E9-88F9-1E50E7CEF309}.Release|x64.ActiveCfg = Release|Any CPU
		{B487EC8F-4741-40E9-88F9-1E50E7CEF309}.Release|x64.Build.0 = Release|Any CPU
		{B487EC8F-4741-40E9-88F9-1E50E7CEF309}.Release|x86.ActiveCfg = Release|Any CPU
		{B487EC8F-4741-40E9-88F9-1E50E7CEF309}.Release|x86.Build.0 = Release|Any CPU
	EndGlobalSection
	GlobalSection(SolutionProperties) = preSolution
		HideSolutionNode = FALSE
	EndGlobalSection
	GlobalSection(NestedProjects) = preSolution
		{BB3227F5-C250-49B6-9FF3-556C0D5FD2FD} = {827E0CD3-B72D-47B6-A68D-7590B98EB39B}
		{B487EC8F-4741-40E9-88F9-1E50E7CEF309} = {0AB3BF05-4346-4AA6-1389-037BE0695223}
	EndGlobalSection
	GlobalSection(ExtensibilityGlobals) = postSolution
		SolutionGuid = {65A083D1-D1F7-48EB-A1BC-D0698DD93CF8}
	EndGlobalSection
EndGlobal
